{
  "name": "lieduoduo",
  "version": "1.0.0",
  "lockfileVersion": 1,
  "requires": true,
  "dependencies": {
    "base-64": {
      "version": "0.1.0",
      "resolved": "https://registry.npmjs.org/base-64/-/base-64-0.1.0.tgz",
      "integrity": "sha1-eAqZyE59YAJgNhURxId2E78k9rs="
    },
    "miniprogram-slide-view": {
      "version": "0.0.4",
      "resolved": "http://registry.npm.taobao.org/miniprogram-slide-view/download/miniprogram-slide-view-0.0.4.tgz",
      "integrity": "sha1-0EjSJCrOMfwp3hmbmkmjM19sEy0="
    },
    "mpvue-cropper": {
      "version": "0.0.8",
      "resolved": "https://registry.npmjs.org/mpvue-cropper/-/mpvue-cropper-0.0.8.tgz",
      "integrity": "sha512-P3c9Lyhb3cPZ77MoKGqIOkSWw3rwWucYlL4lEZH2fcRT00xZPP0V0vSfqIHGhgmGgtSdZZ1LY6KFQpqIfWukfA==",
      "requires": {
        "we-cropper": "1.2.5"
      }
    },
    "we-cropper": {
      "version": "1.2.5",
      "resolved": "https://registry.npmjs.org/we-cropper/-/we-cropper-1.2.5.tgz",
      "integrity": "sha512-L/K25o+K4H4TXkcc1MAhgl77USnAzsL5fRHwa6Vle+3MFA4zuDb7OkOy+t7r6nXlL+C6NZBSnn88VhL5P2a0mg==",
      "requires": {
        "base-64": "0.1.0"
      }
    }
  }
}
